
Microsoft Visual Studio Solution File, Format Version 12.00
# Visual Studio Version 16
VisualStudioVersion = 16.0.31410.357
MinimumVisualStudioVersion = 10.0.40219.1
Project("{FAE04EC0-301F-11D3-BF4B-00C04F79EFBC}") = "CoreDemo", "CoreDemo\CoreDemo.csproj", "{C5E689CC-2E78-4EC8-8D85-3F06C249594E}"
EndProject
Project("{FAE04EC0-301F-11D3-BF4B-00C04F79EFBC}") = "EntityLayer", "EntityLayer\EntityLayer.csproj", "{A19D5A61-C09F-49E6-9E19-509A99CDE610}"
EndProject
Project("{FAE04EC0-301F-11D3-BF4B-00C04F79EFBC}") = "DataAccessLayer", "DataAccessLayer\DataAccessLayer.csproj", "{144D1F90-D839-4846-A277-1B292B46743F}"
EndProject
Project("{FAE04EC0-301F-11D3-BF4B-00C04F79EFBC}") = "BusinessLayer", "BusinessLayer\BusinessLayer.csproj", "{7F7F7FA0-78A6-4730-87AA-9C4089FABE0E}"
EndProject
Project("{FAE04EC0-301F-11D3-BF4B-00C04F79EFBC}") = "CoreLayer", "CoreLayer\CoreLayer.csproj", "{36BA4D7F-5C45-4EC6-BA25-00D09AB6F005}"
EndProject
Global
	GlobalSection(SolutionConfigurationPlatforms) = preSolution
		Debug|Any CPU = Debug|Any CPU
		Release|Any CPU = Release|Any CPU
	EndGlobalSection
	GlobalSection(ProjectConfigurationPlatforms) = postSolution
		{C5E689CC-2E78-4EC8-8D85-3F06C249594E}.Debug|Any CPU.ActiveCfg = Debug|Any CPU
		{C5E689CC-2E78-4EC8-8D85-3F06C249594E}.Debug|Any CPU.Build.0 = Debug|Any CPU
		{C5E689CC-2E78-4EC8-8D85-3F06C249594E}.Release|Any CPU.ActiveCfg = Release|Any CPU
		{C5E689CC-2E78-4EC8-8D85-3F06C249594E}.Release|Any CPU.Build.0 = Release|Any CPU
		{A19D5A61-C09F-49E6-9E19-509A99CDE610}.Debug|Any CPU.ActiveCfg = Debug|Any CPU
		{A19D5A61-C09F-49E6-9E19-509A99CDE610}.Debug|Any CPU.Build.0 = Debug|Any CPU
		{A19D5A61-C09F-49E6-9E19-509A99CDE610}.Release|Any CPU.ActiveCfg = Release|Any CPU
		{A19D5A61-C09F-49E6-9E19-509A99CDE610}.Release|Any CPU.Build.0 = Release|Any CPU
		{144D1F90-D839-4846-A277-1B292B46743F}.Debug|Any CPU.ActiveCfg = Debug|Any CPU
		{144D1F90-D839-4846-A277-1B292B46743F}.Debug|Any CPU.Build.0 = Debug|Any CPU
		{144D1F90-D839-4846-A277-1B292B46743F}.Release|Any CPU.ActiveCfg = Release|Any CPU
		{144D1F90-D839-4846-A277-1B292B46743F}.Release|Any CPU.Build.0 = Release|Any CPU
		{7F7F7FA0-78A6-4730-87AA-9C4089FABE0E}.Debug|Any CPU.ActiveCfg = Debug|Any CPU
		{7F7F7FA0-78A6-4730-87AA-9C4089FABE0E}.Debug|Any CPU.Build.0 = Debug|Any CPU
		{7F7F7FA0-78A6-4730-87AA-9C4089FABE0E}.Release|Any CPU.ActiveCfg = Release|Any CPU
		{7F7F7FA0-78A6-4730-87AA-9C4089FABE0E}.Release|Any CPU.Build.0 = Release|Any CPU
		{36BA4D7F-5C45-4EC6-BA25-00D09AB6F005}.Debug|Any CPU.ActiveCfg = Debug|Any CPU
		{36BA4D7F-5C45-4EC6-BA25-00D09AB6F005}.Debug|Any CPU.Build.0 = Debug|Any CPU
		{36BA4D7F-5C45-4EC6-BA25-00D09AB6F005}.Release|Any CPU.ActiveCfg = Release|Any CPU
		{36BA4D7F-5C45-4EC6-BA25-00D09AB6F005}.Release|Any CPU.Build.0 = Release|Any CPU
	EndGlobalSection
	GlobalSection(SolutionProperties) = preSolution
		HideSolutionNode = FALSE
	EndGlobalSection
	GlobalSection(ExtensibilityGlobals) = postSolution
		SolutionGuid = {633AE042-640D-47CF-B9DA-20BE36E2204B}
	EndGlobalSection
EndGlobal
