
Microsoft Visual Studio Solution File, Format Version 12.00
# Visual Studio Version 16
VisualStudioVersion = 16.0.31410.357
MinimumVisualStudioVersion = 10.0.40219.1
Project("{9A19103F-16F7-4668-BE54-9A1E7A4F7556}") = "CoreDemo", "CoreDemo\CoreDemo.csproj", "{052563BC-C82C-4606-B078-36587AD5A5AF}"
EndProject
Project("{FAE04EC0-301F-11D3-BF4B-00C04F79EFBC}") = "EntityLayer", "EntityLayer\EntityLayer.csproj", "{84ED1827-E660-4783-9091-9C79B871DB6F}"
EndProject
Project("{FAE04EC0-301F-11D3-BF4B-00C04F79EFBC}") = "DataAccessLayer", "DataAccessLayer\DataAccessLayer.csproj", "{786BB020-DD71-4C16-9450-254E114BCF2C}"
EndProject
Project("{FAE04EC0-301F-11D3-BF4B-00C04F79EFBC}") = "BusinessLayer", "BusinessLayer\BusinessLayer.csproj", "{F4CE80A9-2814-4D29-A149-5B1450D57280}"
EndProject
Project("{FAE04EC0-301F-11D3-BF4B-00C04F79EFBC}") = "CoreLayer", "CoreLayer\CoreLayer.csproj", "{1ADDC6C8-4492-46B5-9B2F-B0DBAF9D26D0}"
EndProject
Global
	GlobalSection(SolutionConfigurationPlatforms) = preSolution
		Debug|Any CPU = Debug|Any CPU
		Release|Any CPU = Release|Any CPU
	EndGlobalSection
	GlobalSection(ProjectConfigurationPlatforms) = postSolution
		{052563BC-C82C-4606-B078-36587AD5A5AF}.Debug|Any CPU.ActiveCfg = Debug|Any CPU
		{052563BC-C82C-4606-B078-36587AD5A5AF}.Debug|Any CPU.Build.0 = Debug|Any CPU
		{052563BC-C82C-4606-B078-36587AD5A5AF}.Release|Any CPU.ActiveCfg = Release|Any CPU
		{052563BC-C82C-4606-B078-36587AD5A5AF}.Release|Any CPU.Build.0 = Release|Any CPU
		{84ED1827-E660-4783-9091-9C79B871DB6F}.Debug|Any CPU.ActiveCfg = Debug|Any CPU
		{84ED1827-E660-4783-9091-9C79B871DB6F}.Debug|Any CPU.Build.0 = Debug|Any CPU
		{84ED1827-E660-4783-9091-9C79B871DB6F}.Release|Any CPU.ActiveCfg = Release|Any CPU
		{84ED1827-E660-4783-9091-9C79B871DB6F}.Release|Any CPU.Build.0 = Release|Any CPU
		{786BB020-DD71-4C16-9450-254E114BCF2C}.Debug|Any CPU.ActiveCfg = Debug|Any CPU
		{786BB020-DD71-4C16-9450-254E114BCF2C}.Debug|Any CPU.Build.0 = Debug|Any CPU
		{786BB020-DD71-4C16-9450-254E114BCF2C}.Release|Any CPU.ActiveCfg = Release|Any CPU
		{786BB020-DD71-4C16-9450-254E114BCF2C}.Release|Any CPU.Build.0 = Release|Any CPU
		{F4CE80A9-2814-4D29-A149-5B1450D57280}.Debug|Any CPU.ActiveCfg = Debug|Any CPU
		{F4CE80A9-2814-4D29-A149-5B1450D57280}.Debug|Any CPU.Build.0 = Debug|Any CPU
		{F4CE80A9-2814-4D29-A149-5B1450D57280}.Release|Any CPU.ActiveCfg = Release|Any CPU
		{F4CE80A9-2814-4D29-A149-5B1450D57280}.Release|Any CPU.Build.0 = Release|Any CPU
		{1ADDC6C8-4492-46B5-9B2F-B0DBAF9D26D0}.Debug|Any CPU.ActiveCfg = Debug|Any CPU
		{1ADDC6C8-4492-46B5-9B2F-B0DBAF9D26D0}.Debug|Any CPU.Build.0 = Debug|Any CPU
		{1ADDC6C8-4492-46B5-9B2F-B0DBAF9D26D0}.Release|Any CPU.ActiveCfg = Release|Any CPU
		{1ADDC6C8-4492-46B5-9B2F-B0DBAF9D26D0}.Release|Any CPU.Build.0 = Release|Any CPU
	EndGlobalSection
	GlobalSection(SolutionProperties) = preSolution
		HideSolutionNode = FALSE
	EndGlobalSection
	GlobalSection(ExtensibilityGlobals) = postSolution
		SolutionGuid = {115844E3-61C7-4F30-8875-9CE785F4F6B5}
	EndGlobalSection
EndGlobal
